
Microsoft Visual Studio Solution File, Format Version 12.00
# Visual Studio 15
VisualStudioVersion = 15.0.27004.2009
MinimumVisualStudioVersion = 10.0.40219.1
Project("{2150E333-8FDC-42A3-9474-1A3956D46DE8}") = "Presentation", "Presentation", "{050E3DB3-9B67-495E-AFB1-799993C7C451}"
EndProject
Project("{FAE04EC0-301F-11D3-BF4B-00C04F79EFBC}") = "Panda.Web", "Presentation\Panda.Web\Panda.Web.csproj", "{CD8BB18D-0E00-453C-A3BD-62C6528507E6}"
EndProject
Project("{2150E333-8FDC-42A3-9474-1A3956D46DE8}") = "LogicLayer", "LogicLayer", "{0CFC82D2-C1C1-4C84-9084-AE921D16FBC6}"
EndProject
Project("{FAE04EC0-301F-11D3-BF4B-00C04F79EFBC}") = "Panda.Database", "LogicLayer\Panda.Database\Panda.Database.csproj", "{1C9E8FE9-9301-47DE-8388-E453B4322C3B}"
EndProject
Global
	GlobalSection(SolutionConfigurationPlatforms) = preSolution
		Debug|Any CPU = Debug|Any CPU
		Release|Any CPU = Release|Any CPU
	EndGlobalSection
	GlobalSection(ProjectConfigurationPlatforms) = postSolution
		{CD8BB18D-0E00-453C-A3BD-62C6528507E6}.Debug|Any CPU.ActiveCfg = Debug|Any CPU
		{CD8BB18D-0E00-453C-A3BD-62C6528507E6}.Debug|Any CPU.Build.0 = Debug|Any CPU
		{CD8BB18D-0E00-453C-A3BD-62C6528507E6}.Release|Any CPU.ActiveCfg = Release|Any CPU
		{CD8BB18D-0E00-453C-A3BD-62C6528507E6}.Release|Any CPU.Build.0 = Release|Any CPU
		{1C9E8FE9-9301-47DE-8388-E453B4322C3B}.Debug|Any CPU.ActiveCfg = Debug|Any CPU
		{1C9E8FE9-9301-47DE-8388-E453B4322C3B}.Debug|Any CPU.Build.0 = Debug|Any CPU
		{1C9E8FE9-9301-47DE-8388-E453B4322C3B}.Release|Any CPU.ActiveCfg = Release|Any CPU
		{1C9E8FE9-9301-47DE-8388-E453B4322C3B}.Release|Any CPU.Build.0 = Release|Any CPU
	EndGlobalSection
	GlobalSection(SolutionProperties) = preSolution
		HideSolutionNode = FALSE
	EndGlobalSection
	GlobalSection(NestedProjects) = preSolution
		{CD8BB18D-0E00-453C-A3BD-62C6528507E6} = {050E3DB3-9B67-495E-AFB1-799993C7C451}
		{1C9E8FE9-9301-47DE-8388-E453B4322C3B} = {0CFC82D2-C1C1-4C84-9084-AE921D16FBC6}
	EndGlobalSection
	GlobalSection(ExtensibilityGlobals) = postSolution
		SolutionGuid = {61BF01E4-0427-473C-9502-6F302F965A35}
	EndGlobalSection
EndGlobal
